// !$*UTF8*$!
{
	archiveVersion = 1;
	classes = {
	};
	objectVersion = 46;
	objects = {

/* Begin PBXBuildFile section */
		62DD2E2F1D9D832B00F68D74 /* AppDelegate.swift in Sources */ = {isa = PBXBuildFile; fileRef = 62DD2E2E1D9D832B00F68D74 /* AppDelegate.swift */; };
		62DD2E321D9D832B00F68D74 /* ReproductorAudio.xcdatamodeld in Sources */ = {isa = PBXBuildFile; fileRef = 62DD2E301D9D832B00F68D74 /* ReproductorAudio.xcdatamodeld */; };
		62DD2E341D9D832B00F68D74 /* ViewController.swift in Sources */ = {isa = PBXBuildFile; fileRef = 62DD2E331D9D832B00F68D74 /* ViewController.swift */; };
		62DD2E371D9D832B00F68D74 /* Main.storyboard in Resources */ = {isa = PBXBuildFile; fileRef = 62DD2E351D9D832B00F68D74 /* Main.storyboard */; };
		62DD2E391D9D832B00F68D74 /* Images.xcassets in Resources */ = {isa = PBXBuildFile; fileRef = 62DD2E381D9D832B00F68D74 /* Images.xcassets */; };
		62DD2E3C1D9D832B00F68D74 /* LaunchScreen.xib in Resources */ = {isa = PBXBuildFile; fileRef = 62DD2E3A1D9D832B00F68D74 /* LaunchScreen.xib */; };
		62DD2E481D9D832B00F68D74 /* ReproductorAudioTests.swift in Sources */ = {isa = PBXBuildFile; fileRef = 62DD2E471D9D832B00F68D74 /* ReproductorAudioTests.swift */; };
/* End PBXBuildFile section */

/* Begin PBXContainerItemProxy section */
		62DD2E421D9D832B00F68D74 /* PBXContainerItemProxy */ = {
			isa = PBXContainerItemProxy;
			containerPortal = 62DD2E211D9D832B00F68D74 /* Project object */;
			proxyType = 1;
			remoteGlobalIDString = 62DD2E281D9D832B00F68D74;
			remoteInfo = ReproductorAudio;
		};
/* End PBXContainerItemProxy section */

/* Begin PBXFileReference section */
		62DD2E291D9D832B00F68D74 /* ReproductorAudio.app */ = {isa = PBXFileReference; explicitFileType = wrapper.application; includeInIndex = 0; path = ReproductorAudio.app; sourceTree = BUILT_PRODUCTS_DIR; };
		62DD2E2D1D9D832B00F68D74 /* Info.plist */ = {isa = PBXFileReference; lastKnownFileType = text.plist.xml; path = Info.plist; sourceTree = "<group>"; };
		62DD2E2E1D9D832B00F68D74 /* AppDelegate.swift */ = {isa = PBXFileReference; lastKnownFileType = sourcecode.swift; path = AppDelegate.swift; sourceTree = "<group>"; };
		62DD2E311D9D832B00F68D74 /* ReproductorAudio.xcdatamodel */ = {isa = PBXFileReference; lastKnownFileType = wrapper.xcdatamodel; path = ReproductorAudio.xcdatamodel; sourceTree = "<group>"; };
		62DD2E331D9D832B00F68D74 /* ViewController.swift */ = {isa = PBXFileReference; lastKnownFileType = sourcecode.swift; path = ViewController.swift; sourceTree = "<group>"; };
		62DD2E361D9D832B00F68D74 /* Base */ = {isa = PBXFileReference; lastKnownFileType = file.storyboard; name = Base; path = Base.lproj/Main.storyboard; sourceTree = "<group>"; };
		62DD2E381D9D832B00F68D74 /* Images.xcassets */ = {isa = PBXFileReference; lastKnownFileType = folder.assetcatalog; path = Images.xcassets; sourceTree = "<group>"; };
		62DD2E3B1D9D832B00F68D74 /* Base */ = {isa = PBXFileReference; lastKnownFileType = file.xib; name = Base; path = Base.lproj/LaunchScreen.xib; sourceTree = "<group>"; };
		62DD2E411D9D832B00F68D74 /* ReproductorAudioTests.xctest */ = {isa = PBXFileReference; explicitFileType = wrapper.cfbundle; includeInIndex = 0; path = ReproductorAudioTests.xctest; sourceTree = BUILT_PRODUCTS_DIR; };
		62DD2E461D9D832B00F68D74 /* Info.plist */ = {isa = PBXFileReference; lastKnownFileType = text.plist.xml; path = Info.plist; sourceTree = "<group>"; };
		62DD2E471D9D832B00F68D74 /* ReproductorAudioTests.swift */ = {isa = PBXFileReference; lastKnownFileType = sourcecode.swift; path = ReproductorAudioTests.swift; sourceTree = "<group>"; };
/* End PBXFileReference section */

/* Begin PBXFrameworksBuildPhase section */
		62DD2E261D9D832B00F68D74 /* Frameworks */ = {
			isa = PBXFrameworksBuildPhase;
			buildActionMask = 2147483647;
			files = (
			);
			runOnlyForDeploymentPostprocessing = 0;
		};
		62DD2E3E1D9D832B00F68D74 /* Frameworks */ = {
			isa = PBXFrameworksBuildPhase;
			buildActionMask = 2147483647;
			files = (
			);
			runOnlyForDeploymentPostprocessing = 0;
		};
/* End PBXFrameworksBuildPhase section */

/* Begin PBXGroup section */
		62DD2E201D9D832B00F68D74 = {
			isa = PBXGroup;
			children = (
				62DD2E2B1D9D832B00F68D74 /* ReproductorAudio */,
				62DD2E441D9D832B00F68D74 /* ReproductorAudioTests */,
				62DD2E2A1D9D832B00F68D74 /* Products */,
			);
			sourceTree = "<group>";
		};
		62DD2E2A1D9D832B00F68D74 /* Products */ = {
			isa = PBXGroup;
			children = (
				62DD2E291D9D832B00F68D74 /* ReproductorAudio.app */,
				62DD2E411D9D832B00F68D74 /* ReproductorAudioTests.xctest */,
			);
			name = Products;
			sourceTree = "<group>";
		};
		62DD2E2B1D9D832B00F68D74 /* ReproductorAudio */ = {
			isa = PBXGroup;
			children = (
				62DD2E2E1D9D832B00F68D74 /* AppDelegate.swift */,
				62DD2E331D9D832B00F68D74 /* ViewController.swift */,
				62DD2E351D9D832B00F68D74 /* Main.storyboard */,
				62DD2E381D9D832B00F68D74 /* Images.xcassets */,
				62DD2E3A1D9D832B00F68D74 /* LaunchScreen.xib */,
				62DD2E301D9D832B00F68D74 /* ReproductorAudio.xcdatamodeld */,
				62DD2E2C1D9D832B00F68D74 /* Supporting Files */,
			);
			path = ReproductorAudio;
			sourceTree = "<group>";
		};
		62DD2E2C1D9D832B00F68D74 /* Supporting Files */ = {
			isa = PBXGroup;
			children = (
				62DD2E2D1D9D832B00F68D74 /* Info.plist */,
			);
			name = "Supporting Files";
			sourceTree = "<group>";
		};
		62DD2E441D9D832B00F68D74 /* ReproductorAudioTests */ = {
			isa = PBXGroup;
			children = (
				62DD2E471D9D832B00F68D74 /* ReproductorAudioTests.swift */,
				62DD2E451D9D832B00F68D74 /* Supporting Files */,
			);
			path = ReproductorAudioTests;
			sourceTree = "<group>";
		};
		62DD2E451D9D832B00F68D74 /* Supporting Files */ = {
			isa = PBXGroup;
			children = (
				62DD2E461D9D832B00F68D74 /* Info.plist */,
			);
			name = "Supporting Files";
			sourceTree = "<group>";
		};
/* End PBXGroup section */

/* Begin PBXNativeTarget section */
		62DD2E281D9D832B00F68D74 /* ReproductorAudio */ = {
			isa = PBXNativeTarget;
			buildConfigurationList = 62DD2E4B1D9D832B00F68D74 /* Build configuration list for PBXNativeTarget "ReproductorAudio" */;
			buildPhases = (
				62DD2E251D9D832B00F68D74 /* Sources */,
				62DD2E261D9D832B00F68D74 /* Frameworks */,
				62DD2E271D9D832B00F68D74 /* Resources */,
			);
			buildRules = (
			);
			dependencies = (
			);
			name = ReproductorAudio;
			productName = ReproductorAudio;
			productReference = 62DD2E291D9D832B00F68D74 /* ReproductorAudio.app */;
			productType = "com.apple.product-type.application";
		};
		62DD2E401D9D832B00F68D74 /* ReproductorAudioTests */ = {
			isa = PBXNativeTarget;
			buildConfigurationList = 62DD2E4E1D9D832B00F68D74 /* Build configuration list for PBXNativeTarget "ReproductorAudioTests" */;
			buildPhases = (
				62DD2E3D1D9D832B00F68D74 /* Sources */,
				62DD2E3E1D9D832B00F68D74 /* Frameworks */,
				62DD2E3F1D9D832B00F68D74 /* Resources */,
			);
			buildRules = (
			);
			dependencies = (
				62DD2E431D9D832B00F68D74 /* PBXTargetDependency */,
			);
			name = ReproductorAudioTests;
			productName = ReproductorAudioTests;
			productReference = 62DD2E411D9D832B00F68D74 /* ReproductorAudioTests.xctest */;
			productType = "com.apple.product-type.bundle.unit-test";
		};
/* End PBXNativeTarget section */

/* Begin PBXProject section */
		62DD2E211D9D832B00F68D74 /* Project object */ = {
			isa = PBXProject;
			attributes = {
				LastUpgradeCheck = 0630;
				ORGANIZATIONNAME = "Isaac Mac";
				TargetAttributes = {
					62DD2E281D9D832B00F68D74 = {
						CreatedOnToolsVersion = 6.3.2;
					};
					62DD2E401D9D832B00F68D74 = {
						CreatedOnToolsVersion = 6.3.2;
						TestTargetID = 62DD2E281D9D832B00F68D74;
					};
				};
			};
			buildConfigurationList = 62DD2E241D9D832B00F68D74 /* Build configuration list for PBXProject "ReproductorAudio" */;
			compatibilityVersion = "Xcode 3.2";
			developmentRegion = English;
			hasScannedForEncodings = 0;
			knownRegions = (
				en,
				Base,
			);
			mainGroup = 62DD2E201D9D832B00F68D74;
			productRefGroup = 62DD2E2A1D9D832B00F68D74 /* Products */;
			projectDirPath = "";
			projectRoot = "";
			targets = (
				62DD2E281D9D832B00F68D74 /* ReproductorAudio */,
				62DD2E401D9D832B00F68D74 /* ReproductorAudioTests */,
			);
		};
/* End PBXProject section */

/* Begin PBXResourcesBuildPhase section */
		62DD2E271D9D832B00F68D74 /* Resources */ = {
			isa = PBXResourcesBuildPhase;
			buildActionMask = 2147483647;
			files = (
				62DD2E371D9D832B00F68D74 /* Main.storyboard in Resources */,
				62DD2E3C1D9D832B00F68D74 /* LaunchScreen.xib in Resources */,
				62DD2E391D9D832B00F68D74 /* Images.xcassets in Resources */,
			);
			runOnlyForDeploymentPostprocessing = 0;
		};
		62DD2E3F1D9D832B00F68D74 /* Resources */ = {
			isa = PBXResourcesBuildPhase;
			buildActionMask = 2147483647;
			files = (
			);
			runOnlyForDeploymentPostprocessing = 0;
		};
/* End PBXResourcesBuildPhase section */

/* Begin PBXSourcesBuildPhase section */
		62DD2E251D9D832B00F68D74 /* Sources */ = {
			isa = PBXSourcesBuildPhase;
			buildActionMask = 2147483647;
			files = (
				62DD2E341D9D832B00F68D74 /* ViewController.swift in Sources */,
				62DD2E321D9D832B00F68D74 /* ReproductorAudio.xcdatamodeld in Sources */,
				62DD2E2F1D9D832B00F68D74 /* AppDelegate.swift in Sources */,
			);
			runOnlyForDeploymentPostprocessing = 0;
		};
		62DD2E3D1D9D832B00F68D74 /* Sources */ = {
			isa = PBXSourcesBuildPhase;
			buildActionMask = 2147483647;
			files = (
				62DD2E481D9D832B00F68D74 /* ReproductorAudioTests.swift in Sources */,
			);
			runOnlyForDeploymentPostprocessing = 0;
		};
/* End PBXSourcesBuildPhase section */

/* Begin PBXTargetDependency section */
		62DD2E431D9D832B00F68D74 /* PBXTargetDependency */ = {
			isa = PBXTargetDependency;
			target = 62DD2E281D9D832B00F68D74 /* ReproductorAudio */;
			targetProxy = 62DD2E421D9D832B00F68D74 /* PBXContainerItemProxy */;
		};
/* End PBXTargetDependency section */

/* Begin PBXVariantGroup section */
		62DD2E351D9D832B00F68D74 /* Main.storyboard */ = {
			isa = PBXVariantGroup;
			children = (
				62DD2E361D9D832B00F68D74 /* Base */,
			);
			name = Main.storyboard;
			sourceTree = "<group>";
		};
		62DD2E3A1D9D832B00F68D74 /* LaunchScreen.xib */ = {
			isa = PBXVariantGroup;
			children = (
				62DD2E3B1D9D832B00F68D74 /* Base */,
			);
			name = LaunchScreen.xib;
			sourceTree = "<group>";
		};
/* End PBXVariantGroup section */

/* Begin XCBuildConfiguration section */
		62DD2E491D9D832B00F68D74 /* Debug */ = {
			isa = XCBuildConfiguration;
			buildSettings = {
				ALWAYS_SEARCH_USER_PATHS = NO;
				CLANG_CXX_LANGUAGE_STANDARD = "gnu++0x";
				CLANG_CXX_LIBRARY = "libc++";
				CLANG_ENABLE_MODULES = YES;
				CLANG_ENABLE_OBJC_ARC = YES;
				CLANG_WARN_BOOL_CONVERSION = YES;
				CLANG_WARN_CONSTANT_CONVERSION = YES;
				CLANG_WARN_DIRECT_OBJC_ISA_USAGE = YES_ERROR;
				CLANG_WARN_EMPTY_BODY = YES;
				CLANG_WARN_ENUM_CONVERSION = YES;
				CLANG_WARN_INT_CONVERSION = YES;
				CLANG_WARN_OBJC_ROOT_CLASS = YES_ERROR;
				CLANG_WARN_UNREACHABLE_CODE = YES;
				CLANG_WARN__DUPLICATE_METHOD_MATCH = YES;
				"CODE_SIGN_IDENTITY[sdk=iphoneos*]" = "iPhone Developer";
				COPY_PHASE_STRIP = NO;
				DEBUG_INFORMATION_FORMAT = "dwarf-with-dsym";
				ENABLE_STRICT_OBJC_MSGSEND = YES;
				GCC_C_LANGUAGE_STANDARD = gnu99;
				GCC_DYNAMIC_NO_PIC = NO;
				GCC_NO_COMMON_BLOCKS = YES;
				GCC_OPTIMIZATION_LEVEL = 0;
				GCC_PREPROCESSOR_DEFINITIONS = (
					"DEBUG=1",
					"$(inherited)",
				);
				GCC_SYMBOLS_PRIVATE_EXTERN = NO;
				GCC_WARN_64_TO_32_BIT_CONVERSION = YES;
				GCC_WARN_ABOUT_RETURN_TYPE = YES_ERROR;
				GCC_WARN_UNDECLARED_SELECTOR = YES;
				GCC_WARN_UNINITIALIZED_AUTOS = YES_AGGRESSIVE;
				GCC_WARN_UNUSED_FUNCTION = YES;
				GCC_WARN_UNUSED_VARIABLE = YES;
				IPHONEOS_DEPLOYMENT_TARGET = 8.3;
				MTL_ENABLE_DEBUG_INFO = YES;
				ONLY_ACTIVE_ARCH = YES;
				SDKROOT = iphoneos;
				SWIFT_OPTIMIZATION_LEVEL = "-Onone";
			};
			name = Debug;
		};
		62DD2E4A1D9D832B00F68D74 /* Release */ = {
			isa = XCBuildConfiguration;
			buildSettings = {
				ALWAYS_SEARCH_USER_PATHS = NO;
				CLANG_CXX_LANGUAGE_STANDARD = "gnu++0x";
				CLANG_CXX_LIBRARY = "libc++";
				CLANG_ENABLE_MODULES = YES;
				CLANG_ENABLE_OBJC_ARC = YES;
				CLANG_WARN_BOOL_CONVERSION = YES;
				CLANG_WARN_CONSTANT_CONVERSION = YES;
				CLANG_WARN_DIRECT_OBJC_ISA_USAGE = YES_ERROR;
				CLANG_WARN_EMPTY_BODY = YES;
				CLANG_WARN_ENUM_CONVERSION = YES;
				CLANG_WARN_INT_CONVERSION = YES;
				CLANG_WARN_OBJC_ROOT_CLASS = YES_ERROR;
				CLANG_WARN_UNREACHABLE_CODE = YES;
				CLANG_WARN__DUPLICATE_METHOD_MATCH = YES;
				"CODE_SIGN_IDENTITY[sdk=iphoneos*]" = "iPhone Developer";
				COPY_PHASE_STRIP = NO;
				DEBUG_INFORMATION_FORMAT = "dwarf-with-dsym";
				ENABLE_NS_ASSERTIONS = NO;
				ENABLE_STRICT_OBJC_MSGSEND = YES;
				GCC_C_LANGUAGE_STANDARD = gnu99;
				GCC_NO_COMMON_BLOCKS = YES;
				GCC_WARN_64_TO_32_BIT_CONVERSION = YES;
				GCC_WARN_ABOUT_RETURN_TYPE = YES_ERROR;
				GCC_WARN_UNDECLARED_SELECTOR = YES;
				GCC_WARN_UNINITIALIZED_AUTOS = YES_AGGRESSIVE;
				GCC_WARN_UNUSED_FUNCTION = YES;
				GCC_WARN_UNUSED_VARIABLE = YES;
				IPHONEOS_DEPLOYMENT_TARGET = 8.3;
				MTL_ENABLE_DEBUG_INFO = NO;
				SDKROOT = iphoneos;
				VALIDATE_PRODUCT = YES;
			};
			name = Release;
		};
		62DD2E4C1D9D832B00F68D74 /* Debug */ = {
			isa = XCBuildConfiguration;
			buildSettings = {
				ASSETCATALOG_COMPILER_APPICON_NAME = AppIcon;
				INFOPLIST_FILE = ReproductorAudio/Info.plist;
				LD_RUNPATH_SEARCH_PATHS = "$(inherited) @executable_path/Frameworks";
				PRODUCT_NAME = "$(TARGET_NAME)";
			};
			name = Debug;
		};
		62DD2E4D1D9D832B00F68D74 /* Release */ = {
			isa = XCBuildConfiguration;
			buildSettings = {
				ASSETCATALOG_COMPILER_APPICON_NAME = AppIcon;
				INFOPLIST_FILE = ReproductorAudio/Info.plist;
				LD_RUNPATH_SEARCH_PATHS = "$(inherited) @executable_path/Frameworks";
				PRODUCT_NAME = "$(TARGET_NAME)";
			};
			name = Release;
		};
		62DD2E4F1D9D832B00F68D74 /* Debug */ = {
			isa = XCBuildConfiguration;
			buildSettings = {
				BUNDLE_LOADER = "$(TEST_HOST)";
				FRAMEWORK_SEARCH_PATHS = (
					"$(SDKROOT)/Developer/Library/Frameworks",
					"$(inherited)",
				);
				GCC_PREPROCESSOR_DEFINITIONS = (
					"DEBUG=1",
					"$(inherited)",
				);
				INFOPLIST_FILE = ReproductorAudioTests/Info.plist;
				LD_RUNPATH_SEARCH_PATHS = "$(inherited) @executable_path/Frameworks @loader_path/Frameworks";
				PRODUCT_NAME = "$(TARGET_NAME)";
				TEST_HOST = "$(BUILT_PRODUCTS_DIR)/ReproductorAudio.app/ReproductorAudio";
			};
			name = Debug;
		};
		62DD2E501D9D832B00F68D74 /* Release */ = {
			isa = XCBuildConfiguration;
			buildSettings = {
				BUNDLE_LOADER = "$(TEST_HOST)";
				FRAMEWORK_SEARCH_PATHS = (
					"$(SDKROOT)/Developer/Library/Frameworks",
					"$(inherited)",
				);
				INFOPLIST_FILE = ReproductorAudioTests/Info.plist;
				LD_RUNPATH_SEARCH_PATHS = "$(inherited) @executable_path/Frameworks @loader_path/Frameworks";
				PRODUCT_NAME = "$(TARGET_NAME)";
				TEST_HOST = "$(BUILT_PRODUCTS_DIR)/ReproductorAudio.app/ReproductorAudio";
			};
			name = Release;
		};
/* End XCBuildConfiguration section */

/* Begin XCConfigurationList section */
		62DD2E241D9D832B00F68D74 /* Build configuration list for PBXProject "ReproductorAudio" */ = {
			isa = XCConfigurationList;
			buildConfigurations = (
				62DD2E491D9D832B00F68D74 /* Debug */,
				62DD2E4A1D9D832B00F68D74 /* Release */,
			);
			defaultConfigurationIsVisible = 0;
			defaultConfigurationName = Release;
		};
		62DD2E4B1D9D832B00F68D74 /* Build configuration list for PBXNativeTarget "ReproductorAudio" */ = {
			isa = XCConfigurationList;
			buildConfigurations = (
				62DD2E4C1D9D832B00F68D74 /* Debug */,
				62DD2E4D1D9D832B00F68D74 /* Release */,
			);
			defaultConfigurationIsVisible = 0;
		};
		62DD2E4E1D9D832B00F68D74 /* Build configuration list for PBXNativeTarget "ReproductorAudioTests" */ = {
			isa = XCConfigurationList;
			buildConfigurations = (
				62DD2E4F1D9D832B00F68D74 /* Debug */,
				62DD2E501D9D832B00F68D74 /* Release */,
			);
			defaultConfigurationIsVisible = 0;
		};
/* End XCConfigurationList section */

/* Begin XCVersionGroup section */
		62DD2E301D9D832B00F68D74 /* ReproductorAudio.xcdatamodeld */ = {
			isa = XCVersionGroup;
			children = (
				62DD2E311D9D832B00F68D74 /* ReproductorAudio.xcdatamodel */,
			);
			currentVersion = 62DD2E311D9D832B00F68D74 /* ReproductorAudio.xcdatamodel */;
			path = ReproductorAudio.xcdatamodeld;
			sourceTree = "<group>";
			versionGroupType = wrapper.xcdatamodel;
		};
/* End XCVersionGroup section */
	};
	rootObject = 62DD2E211D9D832B00F68D74 /* Project object */;
}
